{
  "version": 1,
  "dependencies": {
    ".NETCoreApp,Version=v3.0": {
      "Meziantou.Polyfill": {
        "type": "Direct",
        "requested": "[1.0.52, )",
        "resolved": "1.0.52",
        "contentHash": "5ONR3Q+n8EzDEsKB4GKTwP6NzFvlOZdGu3XZwdHYdMSt58fWcQ21COCviqeTvoBfsC8pf72+NBLojZsXCsqi/g=="
      }
    }
  }
}